
Microsoft Visual Studio Solution File, Format Version 12.00
# Visual Studio Version 17
VisualStudioVersion = 17.2.32616.157
MinimumVisualStudioVersion = 10.0.40219.1
Project("{9A19103F-16F7-4668-BE54-9A1E7A4F7556}") = "MicroserviceShop.ProductService", "Microservices\MicroserviceShop.ProductService\MicroserviceShop.ProductService.csproj", "{2518F3C1-3598-4DBF-B18E-4A0F09B08D98}"
EndProject
Project("{2150E333-8FDC-42A3-9474-1A3956D46DE8}") = "Microservices", "Microservices", "{61660947-7F80-48D5-AC52-2DD5CE8EFF6D}"
EndProject
Project("{2150E333-8FDC-42A3-9474-1A3956D46DE8}") = "Infrastructure", "Infrastructure", "{6C2C971D-7997-4BD1-BCB0-DD124EE2F604}"
EndProject
Project("{9A19103F-16F7-4668-BE54-9A1E7A4F7556}") = "MicroserviceShop.CategoryService", "Microservices\MicroserviceShop.CategoryService\MicroserviceShop.CategoryService.csproj", "{F12C3C17-DF40-4A4A-98FF-F3380C7B08CE}"
EndProject
Project("{9A19103F-16F7-4668-BE54-9A1E7A4F7556}") = "MicroserviceShop.ApiGateway", "MicroserviceShop.ApiGateway\MicroserviceShop.ApiGateway.csproj", "{FBC691D2-4560-415A-9E94-D2AF567E1E19}"
EndProject
Project("{FAE04EC0-301F-11D3-BF4B-00C04F79EFBC}") = "MicroserviceShop.IdentityService", "Microservices\MicroserviceShop.IdentityService\MicroserviceShop.IdentityService.csproj", "{68AEC90A-A2F4-49CC-8C86-0E60258C563D}"
EndProject
Global
	GlobalSection(SolutionConfigurationPlatforms) = preSolution
		Debug|Any CPU = Debug|Any CPU
		Release|Any CPU = Release|Any CPU
	EndGlobalSection
	GlobalSection(ProjectConfigurationPlatforms) = postSolution
		{2518F3C1-3598-4DBF-B18E-4A0F09B08D98}.Debug|Any CPU.ActiveCfg = Debug|Any CPU
		{2518F3C1-3598-4DBF-B18E-4A0F09B08D98}.Debug|Any CPU.Build.0 = Debug|Any CPU
		{2518F3C1-3598-4DBF-B18E-4A0F09B08D98}.Release|Any CPU.ActiveCfg = Release|Any CPU
		{2518F3C1-3598-4DBF-B18E-4A0F09B08D98}.Release|Any CPU.Build.0 = Release|Any CPU
		{F12C3C17-DF40-4A4A-98FF-F3380C7B08CE}.Debug|Any CPU.ActiveCfg = Debug|Any CPU
		{F12C3C17-DF40-4A4A-98FF-F3380C7B08CE}.Debug|Any CPU.Build.0 = Debug|Any CPU
		{F12C3C17-DF40-4A4A-98FF-F3380C7B08CE}.Release|Any CPU.ActiveCfg = Release|Any CPU
		{F12C3C17-DF40-4A4A-98FF-F3380C7B08CE}.Release|Any CPU.Build.0 = Release|Any CPU
		{FBC691D2-4560-415A-9E94-D2AF567E1E19}.Debug|Any CPU.ActiveCfg = Debug|Any CPU
		{FBC691D2-4560-415A-9E94-D2AF567E1E19}.Debug|Any CPU.Build.0 = Debug|Any CPU
		{FBC691D2-4560-415A-9E94-D2AF567E1E19}.Release|Any CPU.ActiveCfg = Release|Any CPU
		{FBC691D2-4560-415A-9E94-D2AF567E1E19}.Release|Any CPU.Build.0 = Release|Any CPU
		{68AEC90A-A2F4-49CC-8C86-0E60258C563D}.Debug|Any CPU.ActiveCfg = Debug|Any CPU
		{68AEC90A-A2F4-49CC-8C86-0E60258C563D}.Debug|Any CPU.Build.0 = Debug|Any CPU
		{68AEC90A-A2F4-49CC-8C86-0E60258C563D}.Release|Any CPU.ActiveCfg = Release|Any CPU
		{68AEC90A-A2F4-49CC-8C86-0E60258C563D}.Release|Any CPU.Build.0 = Release|Any CPU
	EndGlobalSection
	GlobalSection(SolutionProperties) = preSolution
		HideSolutionNode = FALSE
	EndGlobalSection
	GlobalSection(NestedProjects) = preSolution
		{2518F3C1-3598-4DBF-B18E-4A0F09B08D98} = {61660947-7F80-48D5-AC52-2DD5CE8EFF6D}
		{F12C3C17-DF40-4A4A-98FF-F3380C7B08CE} = {61660947-7F80-48D5-AC52-2DD5CE8EFF6D}
		{68AEC90A-A2F4-49CC-8C86-0E60258C563D} = {61660947-7F80-48D5-AC52-2DD5CE8EFF6D}
	EndGlobalSection
	GlobalSection(ExtensibilityGlobals) = postSolution
		SolutionGuid = {5407D0BB-813E-4666-B878-B26144B3FDFE}
	EndGlobalSection
EndGlobal
